// !$*UTF8*$!
{
	archiveVersion = 1;
	classes = {
	};
	objectVersion = 56;
	objects = {

/* Begin PBXBuildFile section */
		122983782C164FEF007F1C28 /* AppDelegate.swift in Sources */ = {isa = PBXBuildFile; fileRef = 122983772C164FEF007F1C28 /* AppDelegate.swift */; };
		1229837A2C164FEF007F1C28 /* SceneDelegate.swift in Sources */ = {isa = PBXBuildFile; fileRef = 122983792C164FEF007F1C28 /* SceneDelegate.swift */; };
		1229837C2C164FEF007F1C28 /* MainViewController.swift in Sources */ = {isa = PBXBuildFile; fileRef = 1229837B2C164FEF007F1C28 /* MainViewController.swift */; };
		1229837F2C164FEF007F1C28 /* Main.storyboard in Resources */ = {isa = PBXBuildFile; fileRef = 1229837D2C164FEF007F1C28 /* Main.storyboard */; };
		122983812C164FF2007F1C28 /* Assets.xcassets in Resources */ = {isa = PBXBuildFile; fileRef = 122983802C164FF2007F1C28 /* Assets.xcassets */; };
		122983842C164FF2007F1C28 /* LaunchScreen.storyboard in Resources */ = {isa = PBXBuildFile; fileRef = 122983822C164FF2007F1C28 /* LaunchScreen.storyboard */; };
		1229838F2C164FF2007F1C28 /* HighQualityMVPTests.swift in Sources */ = {isa = PBXBuildFile; fileRef = 1229838E2C164FF2007F1C28 /* HighQualityMVPTests.swift */; };
		122983A82C16504E007F1C28 /* Comment.swift in Sources */ = {isa = PBXBuildFile; fileRef = 122983A72C16504E007F1C28 /* Comment.swift */; };
		122983AA2C16508B007F1C28 /* MainPresenter.swift in Sources */ = {isa = PBXBuildFile; fileRef = 122983A92C16508B007F1C28 /* MainPresenter.swift */; };
		122983B02C16553A007F1C28 /* MainViewController.xib in Resources */ = {isa = PBXBuildFile; fileRef = 122983AF2C16553A007F1C28 /* MainViewController.xib */; };
		122983B22C165610007F1C28 /* ModuleBuilder.swift in Sources */ = {isa = PBXBuildFile; fileRef = 122983B12C165610007F1C28 /* ModuleBuilder.swift */; };
		122983B72C165AA4007F1C28 /* MainPresenterTest.swift in Sources */ = {isa = PBXBuildFile; fileRef = 122983B62C165AA4007F1C28 /* MainPresenterTest.swift */; };
		122983B92C17113B007F1C28 /* NetworkService.swift in Sources */ = {isa = PBXBuildFile; fileRef = 122983B82C17113B007F1C28 /* NetworkService.swift */; };
		122983BC2C17207A007F1C28 /* DetailPresenter.swift in Sources */ = {isa = PBXBuildFile; fileRef = 122983BB2C17207A007F1C28 /* DetailPresenter.swift */; };
		122983C12C172289007F1C28 /* DetailViewController.swift in Sources */ = {isa = PBXBuildFile; fileRef = 122983BF2C172289007F1C28 /* DetailViewController.swift */; };
		122983C22C172289007F1C28 /* DetailViewController.xib in Resources */ = {isa = PBXBuildFile; fileRef = 122983C02C172289007F1C28 /* DetailViewController.xib */; };
/* End PBXBuildFile section */

/* Begin PBXContainerItemProxy section */
		1229838B2C164FF2007F1C28 /* PBXContainerItemProxy */ = {
			isa = PBXContainerItemProxy;
			containerPortal = 1229836C2C164FEF007F1C28 /* Project object */;
			proxyType = 1;
			remoteGlobalIDString = 122983732C164FEF007F1C28;
			remoteInfo = HighQualityMVP;
		};
/* End PBXContainerItemProxy section */

/* Begin PBXFileReference section */
		122983742C164FEF007F1C28 /* HighQualityMVP.app */ = {isa = PBXFileReference; explicitFileType = wrapper.application; includeInIndex = 0; path = HighQualityMVP.app; sourceTree = BUILT_PRODUCTS_DIR; };
		122983772C164FEF007F1C28 /* AppDelegate.swift */ = {isa = PBXFileReference; lastKnownFileType = sourcecode.swift; path = AppDelegate.swift; sourceTree = "<group>"; };
		122983792C164FEF007F1C28 /* SceneDelegate.swift */ = {isa = PBXFileReference; lastKnownFileType = sourcecode.swift; path = SceneDelegate.swift; sourceTree = "<group>"; };
		1229837B2C164FEF007F1C28 /* MainViewController.swift */ = {isa = PBXFileReference; lastKnownFileType = sourcecode.swift; path = MainViewController.swift; sourceTree = "<group>"; };
		1229837E2C164FEF007F1C28 /* Base */ = {isa = PBXFileReference; lastKnownFileType = file.storyboard; name = Base; path = Base.lproj/Main.storyboard; sourceTree = "<group>"; };
		122983802C164FF2007F1C28 /* Assets.xcassets */ = {isa = PBXFileReference; lastKnownFileType = folder.assetcatalog; path = Assets.xcassets; sourceTree = "<group>"; };
		122983832C164FF2007F1C28 /* Base */ = {isa = PBXFileReference; lastKnownFileType = file.storyboard; name = Base; path = Base.lproj/LaunchScreen.storyboard; sourceTree = "<group>"; };
		122983852C164FF2007F1C28 /* Info.plist */ = {isa = PBXFileReference; lastKnownFileType = text.plist.xml; path = Info.plist; sourceTree = "<group>"; };
		1229838A2C164FF2007F1C28 /* HighQualityMVPTests.xctest */ = {isa = PBXFileReference; explicitFileType = wrapper.cfbundle; includeInIndex = 0; path = HighQualityMVPTests.xctest; sourceTree = BUILT_PRODUCTS_DIR; };
		1229838E2C164FF2007F1C28 /* HighQualityMVPTests.swift */ = {isa = PBXFileReference; lastKnownFileType = sourcecode.swift; path = HighQualityMVPTests.swift; sourceTree = "<group>"; };
		122983A72C16504E007F1C28 /* Comment.swift */ = {isa = PBXFileReference; lastKnownFileType = sourcecode.swift; path = Comment.swift; sourceTree = "<group>"; };
		122983A92C16508B007F1C28 /* MainPresenter.swift */ = {isa = PBXFileReference; lastKnownFileType = sourcecode.swift; path = MainPresenter.swift; sourceTree = "<group>"; };
		122983AF2C16553A007F1C28 /* MainViewController.xib */ = {isa = PBXFileReference; lastKnownFileType = file.xib; path = MainViewController.xib; sourceTree = "<group>"; };
		122983B12C165610007F1C28 /* ModuleBuilder.swift */ = {isa = PBXFileReference; lastKnownFileType = sourcecode.swift; path = ModuleBuilder.swift; sourceTree = "<group>"; };
		122983B62C165AA4007F1C28 /* MainPresenterTest.swift */ = {isa = PBXFileReference; lastKnownFileType = sourcecode.swift; path = MainPresenterTest.swift; sourceTree = "<group>"; };
		122983B82C17113B007F1C28 /* NetworkService.swift */ = {isa = PBXFileReference; lastKnownFileType = sourcecode.swift; path = NetworkService.swift; sourceTree = "<group>"; };
		122983BB2C17207A007F1C28 /* DetailPresenter.swift */ = {isa = PBXFileReference; lastKnownFileType = sourcecode.swift; path = DetailPresenter.swift; sourceTree = "<group>"; };
		122983BF2C172289007F1C28 /* DetailViewController.swift */ = {isa = PBXFileReference; lastKnownFileType = sourcecode.swift; path = DetailViewController.swift; sourceTree = "<group>"; };
		122983C02C172289007F1C28 /* DetailViewController.xib */ = {isa = PBXFileReference; lastKnownFileType = file.xib; path = DetailViewController.xib; sourceTree = "<group>"; };
/* End PBXFileReference section */

/* Begin PBXFrameworksBuildPhase section */
		122983712C164FEF007F1C28 /* Frameworks */ = {
			isa = PBXFrameworksBuildPhase;
			buildActionMask = 2147483647;
			files = (
			);
			runOnlyForDeploymentPostprocessing = 0;
		};
		122983872C164FF2007F1C28 /* Frameworks */ = {
			isa = PBXFrameworksBuildPhase;
			buildActionMask = 2147483647;
			files = (
			);
			runOnlyForDeploymentPostprocessing = 0;
		};
/* End PBXFrameworksBuildPhase section */

/* Begin PBXGroup section */
		1229836B2C164FEF007F1C28 = {
			isa = PBXGroup;
			children = (
				122983762C164FEF007F1C28 /* HighQualityMVP */,
				1229838D2C164FF2007F1C28 /* HighQualityMVPTests */,
				122983752C164FEF007F1C28 /* Products */,
			);
			sourceTree = "<group>";
		};
		122983752C164FEF007F1C28 /* Products */ = {
			isa = PBXGroup;
			children = (
				122983742C164FEF007F1C28 /* HighQualityMVP.app */,
				1229838A2C164FF2007F1C28 /* HighQualityMVPTests.xctest */,
			);
			name = Products;
			sourceTree = "<group>";
		};
		122983762C164FEF007F1C28 /* HighQualityMVP */ = {
			isa = PBXGroup;
			children = (
				122983772C164FEF007F1C28 /* AppDelegate.swift */,
				122983792C164FEF007F1C28 /* SceneDelegate.swift */,
				122983B12C165610007F1C28 /* ModuleBuilder.swift */,
				122983BE2C172263007F1C28 /* DetailModule */,
				122983BA2C171154007F1C28 /* ServiceLayer */,
				122983AB2C1654C8007F1C28 /* MainModule */,
				1229837D2C164FEF007F1C28 /* Main.storyboard */,
				122983802C164FF2007F1C28 /* Assets.xcassets */,
				122983822C164FF2007F1C28 /* LaunchScreen.storyboard */,
				122983852C164FF2007F1C28 /* Info.plist */,
			);
			path = HighQualityMVP;
			sourceTree = "<group>";
		};
		1229838D2C164FF2007F1C28 /* HighQualityMVPTests */ = {
			isa = PBXGroup;
			children = (
				122983B32C165A27007F1C28 /* TestMainModule */,
				1229838E2C164FF2007F1C28 /* HighQualityMVPTests.swift */,
			);
			path = HighQualityMVPTests;
			sourceTree = "<group>";
		};
		122983AB2C1654C8007F1C28 /* MainModule */ = {
			isa = PBXGroup;
			children = (
				122983AC2C1654D7007F1C28 /* View */,
				122983AD2C1654DD007F1C28 /* Model */,
				122983AE2C1654E4007F1C28 /* Presenter */,
			);
			path = MainModule;
			sourceTree = "<group>";
		};
		122983AC2C1654D7007F1C28 /* View */ = {
			isa = PBXGroup;
			children = (
				1229837B2C164FEF007F1C28 /* MainViewController.swift */,
				122983AF2C16553A007F1C28 /* MainViewController.xib */,
			);
			path = View;
			sourceTree = "<group>";
		};
		122983AD2C1654DD007F1C28 /* Model */ = {
			isa = PBXGroup;
			children = (
				122983A72C16504E007F1C28 /* Comment.swift */,
			);
			path = Model;
			sourceTree = "<group>";
		};
		122983AE2C1654E4007F1C28 /* Presenter */ = {
			isa = PBXGroup;
			children = (
				122983A92C16508B007F1C28 /* MainPresenter.swift */,
			);
			path = Presenter;
			sourceTree = "<group>";
		};
		122983B32C165A27007F1C28 /* TestMainModule */ = {
			isa = PBXGroup;
			children = (
				122983B62C165AA4007F1C28 /* MainPresenterTest.swift */,
			);
			path = TestMainModule;
			sourceTree = "<group>";
		};
		122983BA2C171154007F1C28 /* ServiceLayer */ = {
			isa = PBXGroup;
			children = (
				122983B82C17113B007F1C28 /* NetworkService.swift */,
			);
			path = ServiceLayer;
			sourceTree = "<group>";
		};
		122983BD2C17225B007F1C28 /* Presenter */ = {
			isa = PBXGroup;
			children = (
				122983BB2C17207A007F1C28 /* DetailPresenter.swift */,
			);
			path = Presenter;
			sourceTree = "<group>";
		};
		122983BE2C172263007F1C28 /* DetailModule */ = {
			isa = PBXGroup;
			children = (
				122983BD2C17225B007F1C28 /* Presenter */,
				122983C32C172297007F1C28 /* View */,
			);
			path = DetailModule;
			sourceTree = "<group>";
		};
		122983C32C172297007F1C28 /* View */ = {
			isa = PBXGroup;
			children = (
				122983BF2C172289007F1C28 /* DetailViewController.swift */,
				122983C02C172289007F1C28 /* DetailViewController.xib */,
			);
			path = View;
			sourceTree = "<group>";
		};
/* End PBXGroup section */

/* Begin PBXNativeTarget section */
		122983732C164FEF007F1C28 /* HighQualityMVP */ = {
			isa = PBXNativeTarget;
			buildConfigurationList = 1229839E2C164FF3007F1C28 /* Build configuration list for PBXNativeTarget "HighQualityMVP" */;
			buildPhases = (
				122983702C164FEF007F1C28 /* Sources */,
				122983712C164FEF007F1C28 /* Frameworks */,
				122983722C164FEF007F1C28 /* Resources */,
			);
			buildRules = (
			);
			dependencies = (
			);
			name = HighQualityMVP;
			productName = HighQualityMVP;
			productReference = 122983742C164FEF007F1C28 /* HighQualityMVP.app */;
			productType = "com.apple.product-type.application";
		};
		122983892C164FF2007F1C28 /* HighQualityMVPTests */ = {
			isa = PBXNativeTarget;
			buildConfigurationList = 122983A12C164FF3007F1C28 /* Build configuration list for PBXNativeTarget "HighQualityMVPTests" */;
			buildPhases = (
				122983862C164FF2007F1C28 /* Sources */,
				122983872C164FF2007F1C28 /* Frameworks */,
				122983882C164FF2007F1C28 /* Resources */,
			);
			buildRules = (
			);
			dependencies = (
				1229838C2C164FF2007F1C28 /* PBXTargetDependency */,
			);
			name = HighQualityMVPTests;
			productName = HighQualityMVPTests;
			productReference = 1229838A2C164FF2007F1C28 /* HighQualityMVPTests.xctest */;
			productType = "com.apple.product-type.bundle.unit-test";
		};
/* End PBXNativeTarget section */

/* Begin PBXProject section */
		1229836C2C164FEF007F1C28 /* Project object */ = {
			isa = PBXProject;
			attributes = {
				BuildIndependentTargetsInParallel = 1;
				LastSwiftUpdateCheck = 1500;
				LastUpgradeCheck = 1500;
				TargetAttributes = {
					122983732C164FEF007F1C28 = {
						CreatedOnToolsVersion = 15.0;
					};
					122983892C164FF2007F1C28 = {
						CreatedOnToolsVersion = 15.0;
						TestTargetID = 122983732C164FEF007F1C28;
					};
				};
			};
			buildConfigurationList = 1229836F2C164FEF007F1C28 /* Build configuration list for PBXProject "HighQualityMVP" */;
			compatibilityVersion = "Xcode 14.0";
			developmentRegion = en;
			hasScannedForEncodings = 0;
			knownRegions = (
				en,
				Base,
			);
			mainGroup = 1229836B2C164FEF007F1C28;
			productRefGroup = 122983752C164FEF007F1C28 /* Products */;
			projectDirPath = "";
			projectRoot = "";
			targets = (
				122983732C164FEF007F1C28 /* HighQualityMVP */,
				122983892C164FF2007F1C28 /* HighQualityMVPTests */,
			);
		};
/* End PBXProject section */

/* Begin PBXResourcesBuildPhase section */
		122983722C164FEF007F1C28 /* Resources */ = {
			isa = PBXResourcesBuildPhase;
			buildActionMask = 2147483647;
			files = (
				122983842C164FF2007F1C28 /* LaunchScreen.storyboard in Resources */,
				122983812C164FF2007F1C28 /* Assets.xcassets in Resources */,
				122983C22C172289007F1C28 /* DetailViewController.xib in Resources */,
				1229837F2C164FEF007F1C28 /* Main.storyboard in Resources */,
				122983B02C16553A007F1C28 /* MainViewController.xib in Resources */,
			);
			runOnlyForDeploymentPostprocessing = 0;
		};
		122983882C164FF2007F1C28 /* Resources */ = {
			isa = PBXResourcesBuildPhase;
			buildActionMask = 2147483647;
			files = (
			);
			runOnlyForDeploymentPostprocessing = 0;
		};
/* End PBXResourcesBuildPhase section */

/* Begin PBXSourcesBuildPhase section */
		122983702C164FEF007F1C28 /* Sources */ = {
			isa = PBXSourcesBuildPhase;
			buildActionMask = 2147483647;
			files = (
				122983C12C172289007F1C28 /* DetailViewController.swift in Sources */,
				122983AA2C16508B007F1C28 /* MainPresenter.swift in Sources */,
				1229837C2C164FEF007F1C28 /* MainViewController.swift in Sources */,
				122983782C164FEF007F1C28 /* AppDelegate.swift in Sources */,
				122983BC2C17207A007F1C28 /* DetailPresenter.swift in Sources */,
				122983A82C16504E007F1C28 /* Comment.swift in Sources */,
				1229837A2C164FEF007F1C28 /* SceneDelegate.swift in Sources */,
				122983B22C165610007F1C28 /* ModuleBuilder.swift in Sources */,
				122983B92C17113B007F1C28 /* NetworkService.swift in Sources */,
			);
			runOnlyForDeploymentPostprocessing = 0;
		};
		122983862C164FF2007F1C28 /* Sources */ = {
			isa = PBXSourcesBuildPhase;
			buildActionMask = 2147483647;
			files = (
				1229838F2C164FF2007F1C28 /* HighQualityMVPTests.swift in Sources */,
				122983B72C165AA4007F1C28 /* MainPresenterTest.swift in Sources */,
			);
			runOnlyForDeploymentPostprocessing = 0;
		};
/* End PBXSourcesBuildPhase section */

/* Begin PBXTargetDependency section */
		1229838C2C164FF2007F1C28 /* PBXTargetDependency */ = {
			isa = PBXTargetDependency;
			target = 122983732C164FEF007F1C28 /* HighQualityMVP */;
			targetProxy = 1229838B2C164FF2007F1C28 /* PBXContainerItemProxy */;
		};
/* End PBXTargetDependency section */

/* Begin PBXVariantGroup section */
		1229837D2C164FEF007F1C28 /* Main.storyboard */ = {
			isa = PBXVariantGroup;
			children = (
				1229837E2C164FEF007F1C28 /* Base */,
			);
			name = Main.storyboard;
			sourceTree = "<group>";
		};
		122983822C164FF2007F1C28 /* LaunchScreen.storyboard */ = {
			isa = PBXVariantGroup;
			children = (
				122983832C164FF2007F1C28 /* Base */,
			);
			name = LaunchScreen.storyboard;
			sourceTree = "<group>";
		};
/* End PBXVariantGroup section */

/* Begin XCBuildConfiguration section */
		1229839C2C164FF3007F1C28 /* Debug */ = {
			isa = XCBuildConfiguration;
			buildSettings = {
				ALWAYS_SEARCH_USER_PATHS = NO;
				ASSETCATALOG_COMPILER_GENERATE_SWIFT_ASSET_SYMBOL_EXTENSIONS = YES;
				CLANG_ANALYZER_NONNULL = YES;
				CLANG_ANALYZER_NUMBER_OBJECT_CONVERSION = YES_AGGRESSIVE;
				CLANG_CXX_LANGUAGE_STANDARD = "gnu++20";
				CLANG_ENABLE_MODULES = YES;
				CLANG_ENABLE_OBJC_ARC = YES;
				CLANG_ENABLE_OBJC_WEAK = YES;
				CLANG_WARN_BLOCK_CAPTURE_AUTORELEASING = YES;
				CLANG_WARN_BOOL_CONVERSION = YES;
				CLANG_WARN_COMMA = YES;
				CLANG_WARN_CONSTANT_CONVERSION = YES;
				CLANG_WARN_DEPRECATED_OBJC_IMPLEMENTATIONS = YES;
				CLANG_WARN_DIRECT_OBJC_ISA_USAGE = YES_ERROR;
				CLANG_WARN_DOCUMENTATION_COMMENTS = YES;
				CLANG_WARN_EMPTY_BODY = YES;
				CLANG_WARN_ENUM_CONVERSION = YES;
				CLANG_WARN_INFINITE_RECURSION = YES;
				CLANG_WARN_INT_CONVERSION = YES;
				CLANG_WARN_NON_LITERAL_NULL_CONVERSION = YES;
				CLANG_WARN_OBJC_IMPLICIT_RETAIN_SELF = YES;
				CLANG_WARN_OBJC_LITERAL_CONVERSION = YES;
				CLANG_WARN_OBJC_ROOT_CLASS = YES_ERROR;
				CLANG_WARN_QUOTED_INCLUDE_IN_FRAMEWORK_HEADER = YES;
				CLANG_WARN_RANGE_LOOP_ANALYSIS = YES;
				CLANG_WARN_STRICT_PROTOTYPES = YES;
				CLANG_WARN_SUSPICIOUS_MOVE = YES;
				CLANG_WARN_UNGUARDED_AVAILABILITY = YES_AGGRESSIVE;
				CLANG_WARN_UNREACHABLE_CODE = YES;
				CLANG_WARN__DUPLICATE_METHOD_MATCH = YES;
				COPY_PHASE_STRIP = NO;
				DEBUG_INFORMATION_FORMAT = dwarf;
				ENABLE_STRICT_OBJC_MSGSEND = YES;
				ENABLE_TESTABILITY = YES;
				ENABLE_USER_SCRIPT_SANDBOXING = YES;
				GCC_C_LANGUAGE_STANDARD = gnu17;
				GCC_DYNAMIC_NO_PIC = NO;
				GCC_NO_COMMON_BLOCKS = YES;
				GCC_OPTIMIZATION_LEVEL = 0;
				GCC_PREPROCESSOR_DEFINITIONS = (
					"DEBUG=1",
					"$(inherited)",
				);
				GCC_WARN_64_TO_32_BIT_CONVERSION = YES;
				GCC_WARN_ABOUT_RETURN_TYPE = YES_ERROR;
				GCC_WARN_UNDECLARED_SELECTOR = YES;
				GCC_WARN_UNINITIALIZED_AUTOS = YES_AGGRESSIVE;
				GCC_WARN_UNUSED_FUNCTION = YES;
				GCC_WARN_UNUSED_VARIABLE = YES;
				IPHONEOS_DEPLOYMENT_TARGET = 17.0;
				LOCALIZATION_PREFERS_STRING_CATALOGS = YES;
				MTL_ENABLE_DEBUG_INFO = INCLUDE_SOURCE;
				MTL_FAST_MATH = YES;
				ONLY_ACTIVE_ARCH = YES;
				SDKROOT = iphoneos;
				SWIFT_ACTIVE_COMPILATION_CONDITIONS = "DEBUG $(inherited)";
				SWIFT_OPTIMIZATION_LEVEL = "-Onone";
			};
			name = Debug;
		};
		1229839D2C164FF3007F1C28 /* Release */ = {
			isa = XCBuildConfiguration;
			buildSettings = {
				ALWAYS_SEARCH_USER_PATHS = NO;
				ASSETCATALOG_COMPILER_GENERATE_SWIFT_ASSET_SYMBOL_EXTENSIONS = YES;
				CLANG_ANALYZER_NONNULL = YES;
				CLANG_ANALYZER_NUMBER_OBJECT_CONVERSION = YES_AGGRESSIVE;
				CLANG_CXX_LANGUAGE_STANDARD = "gnu++20";
				CLANG_ENABLE_MODULES = YES;
				CLANG_ENABLE_OBJC_ARC = YES;
				CLANG_ENABLE_OBJC_WEAK = YES;
				CLANG_WARN_BLOCK_CAPTURE_AUTORELEASING = YES;
				CLANG_WARN_BOOL_CONVERSION = YES;
				CLANG_WARN_COMMA = YES;
				CLANG_WARN_CONSTANT_CONVERSION = YES;
				CLANG_WARN_DEPRECATED_OBJC_IMPLEMENTATIONS = YES;
				CLANG_WARN_DIRECT_OBJC_ISA_USAGE = YES_ERROR;
				CLANG_WARN_DOCUMENTATION_COMMENTS = YES;
				CLANG_WARN_EMPTY_BODY = YES;
				CLANG_WARN_ENUM_CONVERSION = YES;
				CLANG_WARN_INFINITE_RECURSION = YES;
				CLANG_WARN_INT_CONVERSION = YES;
				CLANG_WARN_NON_LITERAL_NULL_CONVERSION = YES;
				CLANG_WARN_OBJC_IMPLICIT_RETAIN_SELF = YES;
				CLANG_WARN_OBJC_LITERAL_CONVERSION = YES;
				CLANG_WARN_OBJC_ROOT_CLASS = YES_ERROR;
				CLANG_WARN_QUOTED_INCLUDE_IN_FRAMEWORK_HEADER = YES;
				CLANG_WARN_RANGE_LOOP_ANALYSIS = YES;
				CLANG_WARN_STRICT_PROTOTYPES = YES;
				CLANG_WARN_SUSPICIOUS_MOVE = YES;
				CLANG_WARN_UNGUARDED_AVAILABILITY = YES_AGGRESSIVE;
				CLANG_WARN_UNREACHABLE_CODE = YES;
				CLANG_WARN__DUPLICATE_METHOD_MATCH = YES;
				COPY_PHASE_STRIP = NO;
				DEBUG_INFORMATION_FORMAT = "dwarf-with-dsym";
				ENABLE_NS_ASSERTIONS = NO;
				ENABLE_STRICT_OBJC_MSGSEND = YES;
				ENABLE_USER_SCRIPT_SANDBOXING = YES;
				GCC_C_LANGUAGE_STANDARD = gnu17;
				GCC_NO_COMMON_BLOCKS = YES;
				GCC_WARN_64_TO_32_BIT_CONVERSION = YES;
				GCC_WARN_ABOUT_RETURN_TYPE = YES_ERROR;
				GCC_WARN_UNDECLARED_SELECTOR = YES;
				GCC_WARN_UNINITIALIZED_AUTOS = YES_AGGRESSIVE;
				GCC_WARN_UNUSED_FUNCTION = YES;
				GCC_WARN_UNUSED_VARIABLE = YES;
				IPHONEOS_DEPLOYMENT_TARGET = 17.0;
				LOCALIZATION_PREFERS_STRING_CATALOGS = YES;
				MTL_ENABLE_DEBUG_INFO = NO;
				MTL_FAST_MATH = YES;
				SDKROOT = iphoneos;
				SWIFT_COMPILATION_MODE = wholemodule;
				VALIDATE_PRODUCT = YES;
			};
			name = Release;
		};
		1229839F2C164FF3007F1C28 /* Debug */ = {
			isa = XCBuildConfiguration;
			buildSettings = {
				ASSETCATALOG_COMPILER_APPICON_NAME = AppIcon;
				ASSETCATALOG_COMPILER_GLOBAL_ACCENT_COLOR_NAME = AccentColor;
				CODE_SIGN_STYLE = Automatic;
				CURRENT_PROJECT_VERSION = 1;
				DEVELOPMENT_TEAM = CCCW4AN62Y;
				GENERATE_INFOPLIST_FILE = YES;
				INFOPLIST_FILE = HighQualityMVP/Info.plist;
				INFOPLIST_KEY_UIApplicationSupportsIndirectInputEvents = YES;
				INFOPLIST_KEY_UILaunchStoryboardName = LaunchScreen;
				INFOPLIST_KEY_UIMainStoryboardFile = Main;
				INFOPLIST_KEY_UISupportedInterfaceOrientations_iPad = "UIInterfaceOrientationPortrait UIInterfaceOrientationPortraitUpsideDown UIInterfaceOrientationLandscapeLeft UIInterfaceOrientationLandscapeRight";
				INFOPLIST_KEY_UISupportedInterfaceOrientations_iPhone = "UIInterfaceOrientationPortrait UIInterfaceOrientationLandscapeLeft UIInterfaceOrientationLandscapeRight";
				LD_RUNPATH_SEARCH_PATHS = (
					"$(inherited)",
					"@executable_path/Frameworks",
				);
				MARKETING_VERSION = 1.0;
				PRODUCT_BUNDLE_IDENTIFIER = com.halai.HighQualityMVP;
				PRODUCT_NAME = "$(TARGET_NAME)";
				SWIFT_EMIT_LOC_STRINGS = YES;
				SWIFT_VERSION = 5.0;
				TARGETED_DEVICE_FAMILY = "1,2";
			};
			name = Debug;
		};
		122983A02C164FF3007F1C28 /* Release */ = {
			isa = XCBuildConfiguration;
			buildSettings = {
				ASSETCATALOG_COMPILER_APPICON_NAME = AppIcon;
				ASSETCATALOG_COMPILER_GLOBAL_ACCENT_COLOR_NAME = AccentColor;
				CODE_SIGN_STYLE = Automatic;
				CURRENT_PROJECT_VERSION = 1;
				DEVELOPMENT_TEAM = CCCW4AN62Y;
				GENERATE_INFOPLIST_FILE = YES;
				INFOPLIST_FILE = HighQualityMVP/Info.plist;
				INFOPLIST_KEY_UIApplicationSupportsIndirectInputEvents = YES;
				INFOPLIST_KEY_UILaunchStoryboardName = LaunchScreen;
				INFOPLIST_KEY_UIMainStoryboardFile = Main;
				INFOPLIST_KEY_UISupportedInterfaceOrientations_iPad = "UIInterfaceOrientationPortrait UIInterfaceOrientationPortraitUpsideDown UIInterfaceOrientationLandscapeLeft UIInterfaceOrientationLandscapeRight";
				INFOPLIST_KEY_UISupportedInterfaceOrientations_iPhone = "UIInterfaceOrientationPortrait UIInterfaceOrientationLandscapeLeft UIInterfaceOrientationLandscapeRight";
				LD_RUNPATH_SEARCH_PATHS = (
					"$(inherited)",
					"@executable_path/Frameworks",
				);
				MARKETING_VERSION = 1.0;
				PRODUCT_BUNDLE_IDENTIFIER = com.halai.HighQualityMVP;
				PRODUCT_NAME = "$(TARGET_NAME)";
				SWIFT_EMIT_LOC_STRINGS = YES;
				SWIFT_VERSION = 5.0;
				TARGETED_DEVICE_FAMILY = "1,2";
			};
			name = Release;
		};
		122983A22C164FF3007F1C28 /* Debug */ = {
			isa = XCBuildConfiguration;
			buildSettings = {
				ALWAYS_EMBED_SWIFT_STANDARD_LIBRARIES = YES;
				BUNDLE_LOADER = "$(TEST_HOST)";
				CODE_SIGN_STYLE = Automatic;
				CURRENT_PROJECT_VERSION = 1;
				DEVELOPMENT_TEAM = CCCW4AN62Y;
				GENERATE_INFOPLIST_FILE = YES;
				IPHONEOS_DEPLOYMENT_TARGET = 17.0;
				MARKETING_VERSION = 1.0;
				PRODUCT_BUNDLE_IDENTIFIER = com.halai.HighQualityMVPTests;
				PRODUCT_NAME = "$(TARGET_NAME)";
				SWIFT_EMIT_LOC_STRINGS = NO;
				SWIFT_VERSION = 5.0;
				TARGETED_DEVICE_FAMILY = "1,2";
				TEST_HOST = "$(BUILT_PRODUCTS_DIR)/HighQualityMVP.app/$(BUNDLE_EXECUTABLE_FOLDER_PATH)/HighQualityMVP";
			};
			name = Debug;
		};
		122983A32C164FF3007F1C28 /* Release */ = {
			isa = XCBuildConfiguration;
			buildSettings = {
				ALWAYS_EMBED_SWIFT_STANDARD_LIBRARIES = YES;
				BUNDLE_LOADER = "$(TEST_HOST)";
				CODE_SIGN_STYLE = Automatic;
				CURRENT_PROJECT_VERSION = 1;
				DEVELOPMENT_TEAM = CCCW4AN62Y;
				GENERATE_INFOPLIST_FILE = YES;
				IPHONEOS_DEPLOYMENT_TARGET = 17.0;
				MARKETING_VERSION = 1.0;
				PRODUCT_BUNDLE_IDENTIFIER = com.halai.HighQualityMVPTests;
				PRODUCT_NAME = "$(TARGET_NAME)";
				SWIFT_EMIT_LOC_STRINGS = NO;
				SWIFT_VERSION = 5.0;
				TARGETED_DEVICE_FAMILY = "1,2";
				TEST_HOST = "$(BUILT_PRODUCTS_DIR)/HighQualityMVP.app/$(BUNDLE_EXECUTABLE_FOLDER_PATH)/HighQualityMVP";
			};
			name = Release;
		};
/* End XCBuildConfiguration section */

/* Begin XCConfigurationList section */
		1229836F2C164FEF007F1C28 /* Build configuration list for PBXProject "HighQualityMVP" */ = {
			isa = XCConfigurationList;
			buildConfigurations = (
				1229839C2C164FF3007F1C28 /* Debug */,
				1229839D2C164FF3007F1C28 /* Release */,
			);
			defaultConfigurationIsVisible = 0;
			defaultConfigurationName = Release;
		};
		1229839E2C164FF3007F1C28 /* Build configuration list for PBXNativeTarget "HighQualityMVP" */ = {
			isa = XCConfigurationList;
			buildConfigurations = (
				1229839F2C164FF3007F1C28 /* Debug */,
				122983A02C164FF3007F1C28 /* Release */,
			);
			defaultConfigurationIsVisible = 0;
			defaultConfigurationName = Release;
		};
		122983A12C164FF3007F1C28 /* Build configuration list for PBXNativeTarget "HighQualityMVPTests" */ = {
			isa = XCConfigurationList;
			buildConfigurations = (
				122983A22C164FF3007F1C28 /* Debug */,
				122983A32C164FF3007F1C28 /* Release */,
			);
			defaultConfigurationIsVisible = 0;
			defaultConfigurationName = Release;
		};
/* End XCConfigurationList section */
	};
	rootObject = 1229836C2C164FEF007F1C28 /* Project object */;
}
